
Microsoft Visual Studio Solution File, Format Version 12.00
# Visual Studio Version 17
VisualStudioVersion = 17.14.36603.0 d17.14
MinimumVisualStudioVersion = 10.0.40219.1
Project("{FAE04EC0-301F-11D3-BF4B-00C04F79EFBC}") = "BBMS", "BBMS\BBMS.csproj", "{24AF0BF3-ED04-4E0C-B56F-A13438ECA9B0}"
EndProject
Global
	GlobalSection(SolutionConfigurationPlatforms) = preSolution
		Debug|Any CPU = Debug|Any CPU
		Release|Any CPU = Release|Any CPU
	EndGlobalSection
	GlobalSection(ProjectConfigurationPlatforms) = postSolution
		{24AF0BF3-ED04-4E0C-B56F-A13438ECA9B0}.Debug|Any CPU.ActiveCfg = Debug|Any CPU
		{24AF0BF3-ED04-4E0C-B56F-A13438ECA9B0}.Debug|Any CPU.Build.0 = Debug|Any CPU
		{24AF0BF3-ED04-4E0C-B56F-A13438ECA9B0}.Release|Any CPU.ActiveCfg = Release|Any CPU
		{24AF0BF3-ED04-4E0C-B56F-A13438ECA9B0}.Release|Any CPU.Build.0 = Release|Any CPU
	EndGlobalSection
	GlobalSection(SolutionProperties) = preSolution
		HideSolutionNode = FALSE
	EndGlobalSection
	GlobalSection(ExtensibilityGlobals) = postSolution
		SolutionGuid = {7DDCF975-DC2F-4017-9093-A56DB28F1AFD}
	EndGlobalSection
EndGlobal
